
Microsoft Visual Studio Solution File, Format Version 12.00
# Visual Studio Version 16
VisualStudioVersion = 16.0.30717.126
MinimumVisualStudioVersion = 10.0.40219.1
Project("{9A19103F-16F7-4668-BE54-9A1E7A4F7556}") = "Domain", "Domain\Domain.csproj", "{359B21EB-8088-4B94-84B6-8928D0FDE939}"
EndProject
Project("{9A19103F-16F7-4668-BE54-9A1E7A4F7556}") = "DataAccess", "DataAccess\DataAccess.csproj", "{78396805-4E46-4026-B788-147969F8D9C4}"
EndProject
Project("{9A19103F-16F7-4668-BE54-9A1E7A4F7556}") = "WebApp", "WebApp\WebApp.csproj", "{AA086F77-6388-407D-B04D-2A92F958757D}"
EndProject
Project("{9A19103F-16F7-4668-BE54-9A1E7A4F7556}") = "Utils", "Utils\Utils.csproj", "{34181D7E-9216-42B6-A321-ED683F1C38A4}"
EndProject
Project("{9A19103F-16F7-4668-BE54-9A1E7A4F7556}") = "DomainServices.Implementation", "DomainServices.Implementation\DomainServices.Implementation.csproj", "{61431772-BC29-43A0-A510-36A1A1108F01}"
EndProject
Project("{9A19103F-16F7-4668-BE54-9A1E7A4F7556}") = "DomainServices.Interfaces", "DomainServices.Interfaces\DomainServices.Interfaces.csproj", "{939282D0-9C65-4455-8B8B-8F026F908F24}"
EndProject
Project("{2150E333-8FDC-42A3-9474-1A3956D46DE8}") = "0 Utils", "0 Utils", "{3EC6BE34-9376-4E76-96CC-F94F010CD5AA}"
EndProject
Project("{2150E333-8FDC-42A3-9474-1A3956D46DE8}") = "1 Entities", "1 Entities", "{3CCFED00-0E72-40E6-ABA8-52AD65CF7791}"
EndProject
Project("{2150E333-8FDC-42A3-9474-1A3956D46DE8}") = "2 Infrastructure.Interfaces", "2 Infrastructure.Interfaces", "{29283225-3098-4D04-A4A1-E64DDD9AD6C0}"
EndProject
Project("{2150E333-8FDC-42A3-9474-1A3956D46DE8}") = "4 Infrastructure.Implementation", "4 Infrastructure.Implementation", "{FA0B6190-6D5C-401A-93DA-FD25C32EAE75}"
EndProject
Project("{FAE04EC0-301F-11D3-BF4B-00C04F79EFBC}") = "Email.Interfaces", "Email.Interfaces\Email.Interfaces.csproj", "{E38F312D-F15E-486F-8A62-56955C29F678}"
EndProject
Project("{FAE04EC0-301F-11D3-BF4B-00C04F79EFBC}") = "WebApp.Interfaces", "WebApp.Interfaces\WebApp.Interfaces.csproj", "{8243C8CC-34F3-4A01-BE85-97821D7F6E6B}"
EndProject
Project("{9A19103F-16F7-4668-BE54-9A1E7A4F7556}") = "DataAccess.Interfaces", "DataAccess.Interfaces\DataAccess.Interfaces.csproj", "{949A708D-C902-4B03-94E3-DDD33792E90B}"
EndProject
Project("{9A19103F-16F7-4668-BE54-9A1E7A4F7556}") = "Email.Implementation", "Email.Implementation\Email.Implementation.csproj", "{69FAC226-23F9-42B6-B5E3-CA9D39B294B9}"
EndProject
Project("{9A19103F-16F7-4668-BE54-9A1E7A4F7556}") = "UseCases", "UseCases\UseCases.csproj", "{ED8C1CE0-62FB-400A-B116-2CA60BAF5937}"
EndProject
Project("{FAE04EC0-301F-11D3-BF4B-00C04F79EFBC}") = "ApplicationServices.Interfaces", "ApplicationServices.Interfaces\ApplicationServices.Interfaces.csproj", "{92C84090-B79F-4FD0-A2E9-91301F72D5FB}"
EndProject
Project("{FAE04EC0-301F-11D3-BF4B-00C04F79EFBC}") = "ApplicationServices.Implementation", "ApplicationServices.Implementation\ApplicationServices.Implementation.csproj", "{7C59FA33-DBB0-4DEF-B3BF-27732A00D3E1}"
EndProject
Project("{2150E333-8FDC-42A3-9474-1A3956D46DE8}") = "3 Application", "3 Application", "{2EBD0ADE-9AAC-4AAF-AF73-D6251DCA90DB}"
EndProject
Global
	GlobalSection(SolutionConfigurationPlatforms) = preSolution
		Debug|Any CPU = Debug|Any CPU
		Release|Any CPU = Release|Any CPU
	EndGlobalSection
	GlobalSection(ProjectConfigurationPlatforms) = postSolution
		{359B21EB-8088-4B94-84B6-8928D0FDE939}.Debug|Any CPU.ActiveCfg = Debug|Any CPU
		{359B21EB-8088-4B94-84B6-8928D0FDE939}.Debug|Any CPU.Build.0 = Debug|Any CPU
		{359B21EB-8088-4B94-84B6-8928D0FDE939}.Release|Any CPU.ActiveCfg = Release|Any CPU
		{359B21EB-8088-4B94-84B6-8928D0FDE939}.Release|Any CPU.Build.0 = Release|Any CPU
		{78396805-4E46-4026-B788-147969F8D9C4}.Debug|Any CPU.ActiveCfg = Debug|Any CPU
		{78396805-4E46-4026-B788-147969F8D9C4}.Debug|Any CPU.Build.0 = Debug|Any CPU
		{78396805-4E46-4026-B788-147969F8D9C4}.Release|Any CPU.ActiveCfg = Release|Any CPU
		{78396805-4E46-4026-B788-147969F8D9C4}.Release|Any CPU.Build.0 = Release|Any CPU
		{AA086F77-6388-407D-B04D-2A92F958757D}.Debug|Any CPU.ActiveCfg = Debug|Any CPU
		{AA086F77-6388-407D-B04D-2A92F958757D}.Debug|Any CPU.Build.0 = Debug|Any CPU
		{AA086F77-6388-407D-B04D-2A92F958757D}.Release|Any CPU.ActiveCfg = Release|Any CPU
		{AA086F77-6388-407D-B04D-2A92F958757D}.Release|Any CPU.Build.0 = Release|Any CPU
		{34181D7E-9216-42B6-A321-ED683F1C38A4}.Debug|Any CPU.ActiveCfg = Debug|Any CPU
		{34181D7E-9216-42B6-A321-ED683F1C38A4}.Debug|Any CPU.Build.0 = Debug|Any CPU
		{34181D7E-9216-42B6-A321-ED683F1C38A4}.Release|Any CPU.ActiveCfg = Release|Any CPU
		{34181D7E-9216-42B6-A321-ED683F1C38A4}.Release|Any CPU.Build.0 = Release|Any CPU
		{61431772-BC29-43A0-A510-36A1A1108F01}.Debug|Any CPU.ActiveCfg = Debug|Any CPU
		{61431772-BC29-43A0-A510-36A1A1108F01}.Debug|Any CPU.Build.0 = Debug|Any CPU
		{61431772-BC29-43A0-A510-36A1A1108F01}.Release|Any CPU.ActiveCfg = Release|Any CPU
		{61431772-BC29-43A0-A510-36A1A1108F01}.Release|Any CPU.Build.0 = Release|Any CPU
		{939282D0-9C65-4455-8B8B-8F026F908F24}.Debug|Any CPU.ActiveCfg = Debug|Any CPU
		{939282D0-9C65-4455-8B8B-8F026F908F24}.Debug|Any CPU.Build.0 = Debug|Any CPU
		{939282D0-9C65-4455-8B8B-8F026F908F24}.Release|Any CPU.ActiveCfg = Release|Any CPU
		{939282D0-9C65-4455-8B8B-8F026F908F24}.Release|Any CPU.Build.0 = Release|Any CPU
		{E38F312D-F15E-486F-8A62-56955C29F678}.Debug|Any CPU.ActiveCfg = Debug|Any CPU
		{E38F312D-F15E-486F-8A62-56955C29F678}.Debug|Any CPU.Build.0 = Debug|Any CPU
		{E38F312D-F15E-486F-8A62-56955C29F678}.Release|Any CPU.ActiveCfg = Release|Any CPU
		{E38F312D-F15E-486F-8A62-56955C29F678}.Release|Any CPU.Build.0 = Release|Any CPU
		{8243C8CC-34F3-4A01-BE85-97821D7F6E6B}.Debug|Any CPU.ActiveCfg = Debug|Any CPU
		{8243C8CC-34F3-4A01-BE85-97821D7F6E6B}.Debug|Any CPU.Build.0 = Debug|Any CPU
		{8243C8CC-34F3-4A01-BE85-97821D7F6E6B}.Release|Any CPU.ActiveCfg = Release|Any CPU
		{8243C8CC-34F3-4A01-BE85-97821D7F6E6B}.Release|Any CPU.Build.0 = Release|Any CPU
		{949A708D-C902-4B03-94E3-DDD33792E90B}.Debug|Any CPU.ActiveCfg = Debug|Any CPU
		{949A708D-C902-4B03-94E3-DDD33792E90B}.Debug|Any CPU.Build.0 = Debug|Any CPU
		{949A708D-C902-4B03-94E3-DDD33792E90B}.Release|Any CPU.ActiveCfg = Release|Any CPU
		{949A708D-C902-4B03-94E3-DDD33792E90B}.Release|Any CPU.Build.0 = Release|Any CPU
		{69FAC226-23F9-42B6-B5E3-CA9D39B294B9}.Debug|Any CPU.ActiveCfg = Debug|Any CPU
		{69FAC226-23F9-42B6-B5E3-CA9D39B294B9}.Debug|Any CPU.Build.0 = Debug|Any CPU
		{69FAC226-23F9-42B6-B5E3-CA9D39B294B9}.Release|Any CPU.ActiveCfg = Release|Any CPU
		{69FAC226-23F9-42B6-B5E3-CA9D39B294B9}.Release|Any CPU.Build.0 = Release|Any CPU
		{ED8C1CE0-62FB-400A-B116-2CA60BAF5937}.Debug|Any CPU.ActiveCfg = Debug|Any CPU
		{ED8C1CE0-62FB-400A-B116-2CA60BAF5937}.Debug|Any CPU.Build.0 = Debug|Any CPU
		{ED8C1CE0-62FB-400A-B116-2CA60BAF5937}.Release|Any CPU.ActiveCfg = Release|Any CPU
		{ED8C1CE0-62FB-400A-B116-2CA60BAF5937}.Release|Any CPU.Build.0 = Release|Any CPU
		{92C84090-B79F-4FD0-A2E9-91301F72D5FB}.Debug|Any CPU.ActiveCfg = Debug|Any CPU
		{92C84090-B79F-4FD0-A2E9-91301F72D5FB}.Debug|Any CPU.Build.0 = Debug|Any CPU
		{92C84090-B79F-4FD0-A2E9-91301F72D5FB}.Release|Any CPU.ActiveCfg = Release|Any CPU
		{92C84090-B79F-4FD0-A2E9-91301F72D5FB}.Release|Any CPU.Build.0 = Release|Any CPU
		{7C59FA33-DBB0-4DEF-B3BF-27732A00D3E1}.Debug|Any CPU.ActiveCfg = Debug|Any CPU
		{7C59FA33-DBB0-4DEF-B3BF-27732A00D3E1}.Debug|Any CPU.Build.0 = Debug|Any CPU
		{7C59FA33-DBB0-4DEF-B3BF-27732A00D3E1}.Release|Any CPU.ActiveCfg = Release|Any CPU
		{7C59FA33-DBB0-4DEF-B3BF-27732A00D3E1}.Release|Any CPU.Build.0 = Release|Any CPU
	EndGlobalSection
	GlobalSection(SolutionProperties) = preSolution
		HideSolutionNode = FALSE
	EndGlobalSection
	GlobalSection(NestedProjects) = preSolution
		{359B21EB-8088-4B94-84B6-8928D0FDE939} = {3CCFED00-0E72-40E6-ABA8-52AD65CF7791}
		{78396805-4E46-4026-B788-147969F8D9C4} = {FA0B6190-6D5C-401A-93DA-FD25C32EAE75}
		{34181D7E-9216-42B6-A321-ED683F1C38A4} = {3EC6BE34-9376-4E76-96CC-F94F010CD5AA}
		{61431772-BC29-43A0-A510-36A1A1108F01} = {3CCFED00-0E72-40E6-ABA8-52AD65CF7791}
		{939282D0-9C65-4455-8B8B-8F026F908F24} = {3CCFED00-0E72-40E6-ABA8-52AD65CF7791}
		{E38F312D-F15E-486F-8A62-56955C29F678} = {29283225-3098-4D04-A4A1-E64DDD9AD6C0}
		{8243C8CC-34F3-4A01-BE85-97821D7F6E6B} = {29283225-3098-4D04-A4A1-E64DDD9AD6C0}
		{949A708D-C902-4B03-94E3-DDD33792E90B} = {29283225-3098-4D04-A4A1-E64DDD9AD6C0}
		{69FAC226-23F9-42B6-B5E3-CA9D39B294B9} = {FA0B6190-6D5C-401A-93DA-FD25C32EAE75}
		{ED8C1CE0-62FB-400A-B116-2CA60BAF5937} = {2EBD0ADE-9AAC-4AAF-AF73-D6251DCA90DB}
		{92C84090-B79F-4FD0-A2E9-91301F72D5FB} = {2EBD0ADE-9AAC-4AAF-AF73-D6251DCA90DB}
		{7C59FA33-DBB0-4DEF-B3BF-27732A00D3E1} = {2EBD0ADE-9AAC-4AAF-AF73-D6251DCA90DB}
	EndGlobalSection
	GlobalSection(ExtensibilityGlobals) = postSolution
		SolutionGuid = {50EFF866-D6DB-445F-BF87-59AB69F37CF7}
	EndGlobalSection
EndGlobal
