
Microsoft Visual Studio Solution File, Format Version 12.00
# Visual Studio Version 16
VisualStudioVersion = 16.0.30717.126
MinimumVisualStudioVersion = 10.0.40219.1
Project("{9A19103F-16F7-4668-BE54-9A1E7A4F7556}") = "Domain", "Domain\Domain.csproj", "{359B21EB-8088-4B94-84B6-8928D0FDE939}"
EndProject
Project("{9A19103F-16F7-4668-BE54-9A1E7A4F7556}") = "DataAccess", "DataAccess\DataAccess.csproj", "{78396805-4E46-4026-B788-147969F8D9C4}"
EndProject
Project("{9A19103F-16F7-4668-BE54-9A1E7A4F7556}") = "Application", "Application\Application.csproj", "{7ADDE3C8-8AE3-40C6-A47A-4AA9C06A39F7}"
EndProject
Project("{9A19103F-16F7-4668-BE54-9A1E7A4F7556}") = "WebApp", "WebApp\WebApp.csproj", "{AA086F77-6388-407D-B04D-2A92F958757D}"
EndProject
Project("{FAE04EC0-301F-11D3-BF4B-00C04F79EFBC}") = "Utils", "Utils\Utils.csproj", "{34181D7E-9216-42B6-A321-ED683F1C38A4}"
EndProject
Global
	GlobalSection(SolutionConfigurationPlatforms) = preSolution
		Debug|Any CPU = Debug|Any CPU
		Release|Any CPU = Release|Any CPU
	EndGlobalSection
	GlobalSection(ProjectConfigurationPlatforms) = postSolution
		{359B21EB-8088-4B94-84B6-8928D0FDE939}.Debug|Any CPU.ActiveCfg = Debug|Any CPU
		{359B21EB-8088-4B94-84B6-8928D0FDE939}.Debug|Any CPU.Build.0 = Debug|Any CPU
		{359B21EB-8088-4B94-84B6-8928D0FDE939}.Release|Any CPU.ActiveCfg = Release|Any CPU
		{359B21EB-8088-4B94-84B6-8928D0FDE939}.Release|Any CPU.Build.0 = Release|Any CPU
		{78396805-4E46-4026-B788-147969F8D9C4}.Debug|Any CPU.ActiveCfg = Debug|Any CPU
		{78396805-4E46-4026-B788-147969F8D9C4}.Debug|Any CPU.Build.0 = Debug|Any CPU
		{78396805-4E46-4026-B788-147969F8D9C4}.Release|Any CPU.ActiveCfg = Release|Any CPU
		{78396805-4E46-4026-B788-147969F8D9C4}.Release|Any CPU.Build.0 = Release|Any CPU
		{7ADDE3C8-8AE3-40C6-A47A-4AA9C06A39F7}.Debug|Any CPU.ActiveCfg = Debug|Any CPU
		{7ADDE3C8-8AE3-40C6-A47A-4AA9C06A39F7}.Debug|Any CPU.Build.0 = Debug|Any CPU
		{7ADDE3C8-8AE3-40C6-A47A-4AA9C06A39F7}.Release|Any CPU.ActiveCfg = Release|Any CPU
		{7ADDE3C8-8AE3-40C6-A47A-4AA9C06A39F7}.Release|Any CPU.Build.0 = Release|Any CPU
		{AA086F77-6388-407D-B04D-2A92F958757D}.Debug|Any CPU.ActiveCfg = Debug|Any CPU
		{AA086F77-6388-407D-B04D-2A92F958757D}.Debug|Any CPU.Build.0 = Debug|Any CPU
		{AA086F77-6388-407D-B04D-2A92F958757D}.Release|Any CPU.ActiveCfg = Release|Any CPU
		{AA086F77-6388-407D-B04D-2A92F958757D}.Release|Any CPU.Build.0 = Release|Any CPU
		{34181D7E-9216-42B6-A321-ED683F1C38A4}.Debug|Any CPU.ActiveCfg = Debug|Any CPU
		{34181D7E-9216-42B6-A321-ED683F1C38A4}.Debug|Any CPU.Build.0 = Debug|Any CPU
		{34181D7E-9216-42B6-A321-ED683F1C38A4}.Release|Any CPU.ActiveCfg = Release|Any CPU
		{34181D7E-9216-42B6-A321-ED683F1C38A4}.Release|Any CPU.Build.0 = Release|Any CPU
	EndGlobalSection
	GlobalSection(SolutionProperties) = preSolution
		HideSolutionNode = FALSE
	EndGlobalSection
	GlobalSection(ExtensibilityGlobals) = postSolution
		SolutionGuid = {50EFF866-D6DB-445F-BF87-59AB69F37CF7}
	EndGlobalSection
EndGlobal
