
Microsoft Visual Studio Solution File, Format Version 12.00
# Visual Studio Version 16
VisualStudioVersion = 16.0.30717.126
MinimumVisualStudioVersion = 10.0.40219.1
Project("{9A19103F-16F7-4668-BE54-9A1E7A4F7556}") = "WebApp", "WebApp\WebApp.csproj", "{AA086F77-6388-407D-B04D-2A92F958757D}"
EndProject
Project("{9A19103F-16F7-4668-BE54-9A1E7A4F7556}") = "Utils", "Utils\Utils.csproj", "{34181D7E-9216-42B6-A321-ED683F1C38A4}"
EndProject
Project("{9A19103F-16F7-4668-BE54-9A1E7A4F7556}") = "DomainServices.Implementation", "DomainServices.Implementation\DomainServices.Implementation.csproj", "{61431772-BC29-43A0-A510-36A1A1108F01}"
EndProject
Project("{9A19103F-16F7-4668-BE54-9A1E7A4F7556}") = "DomainServices.Interfaces", "DomainServices.Interfaces\DomainServices.Interfaces.csproj", "{939282D0-9C65-4455-8B8B-8F026F908F24}"
EndProject
Project("{2150E333-8FDC-42A3-9474-1A3956D46DE8}") = "0 Utils", "0 Utils", "{3EC6BE34-9376-4E76-96CC-F94F010CD5AA}"
EndProject
Project("{2150E333-8FDC-42A3-9474-1A3956D46DE8}") = "1 Entities", "1 Entities", "{3CCFED00-0E72-40E6-ABA8-52AD65CF7791}"
EndProject
Project("{2150E333-8FDC-42A3-9474-1A3956D46DE8}") = "2 Infrastructure.Interfaces", "2 Infrastructure.Interfaces", "{29283225-3098-4D04-A4A1-E64DDD9AD6C0}"
EndProject
Project("{2150E333-8FDC-42A3-9474-1A3956D46DE8}") = "4 Infrastructure.Implementation", "4 Infrastructure.Implementation", "{FA0B6190-6D5C-401A-93DA-FD25C32EAE75}"
EndProject
Project("{9A19103F-16F7-4668-BE54-9A1E7A4F7556}") = "Email.Interfaces", "Email.Interfaces\Email.Interfaces.csproj", "{E38F312D-F15E-486F-8A62-56955C29F678}"
EndProject
Project("{9A19103F-16F7-4668-BE54-9A1E7A4F7556}") = "WebApp.Interfaces", "WebApp.Interfaces\WebApp.Interfaces.csproj", "{8243C8CC-34F3-4A01-BE85-97821D7F6E6B}"
EndProject
Project("{9A19103F-16F7-4668-BE54-9A1E7A4F7556}") = "DataAccess.Interfaces", "DataAccess.Interfaces\DataAccess.Interfaces.csproj", "{949A708D-C902-4B03-94E3-DDD33792E90B}"
EndProject
Project("{9A19103F-16F7-4668-BE54-9A1E7A4F7556}") = "ApplicationServices.Interfaces", "ApplicationServices.Interfaces\ApplicationServices.Interfaces.csproj", "{92C84090-B79F-4FD0-A2E9-91301F72D5FB}"
EndProject
Project("{9A19103F-16F7-4668-BE54-9A1E7A4F7556}") = "ApplicationServices.Implementation", "ApplicationServices.Implementation\ApplicationServices.Implementation.csproj", "{7C59FA33-DBB0-4DEF-B3BF-27732A00D3E1}"
EndProject
Project("{2150E333-8FDC-42A3-9474-1A3956D46DE8}") = "3 Application", "3 Application", "{2EBD0ADE-9AAC-4AAF-AF73-D6251DCA90DB}"
EndProject
Project("{2150E333-8FDC-42A3-9474-1A3956D46DE8}") = "Web", "Web", "{F3E90150-5EA9-4B60-AB84-CC5FB3B24E0B}"
EndProject
Project("{2150E333-8FDC-42A3-9474-1A3956D46DE8}") = "Mobile", "Mobile", "{98E9071D-2FAE-40DA-9011-D4A5FC6E63FB}"
EndProject
Project("{9A19103F-16F7-4668-BE54-9A1E7A4F7556}") = "Web.UseCases", "Web.UseCases\Web.UseCases.csproj", "{0494F5B0-B02D-48B3-891C-39364DA0D072}"
EndProject
Project("{9A19103F-16F7-4668-BE54-9A1E7A4F7556}") = "Delivery.Interfaces", "Delivery.Interfaces\Delivery.Interfaces.csproj", "{BA81693A-7756-4BD9-BEA5-7AFBABD9F2A0}"
EndProject
Project("{9A19103F-16F7-4668-BE54-9A1E7A4F7556}") = "Delivery.Company", "Delivery.Company\Delivery.Company.csproj", "{FC614FDD-AABB-4CDB-A953-E6995C573417}"
EndProject
Project("{9A19103F-16F7-4668-BE54-9A1E7A4F7556}") = "Entities", "Entities\Entities.csproj", "{6FD7524B-2D48-4855-8847-16150CC22A86}"
EndProject
Project("{9A19103F-16F7-4668-BE54-9A1E7A4F7556}") = "DataAccess.MsSql", "DataAccess.MsSql\DataAccess.MsSql.csproj", "{EB99C79E-460F-4753-80EF-88BAD07E0225}"
EndProject
Project("{9A19103F-16F7-4668-BE54-9A1E7A4F7556}") = "Email.MailHandler", "Email.MainHandler\Email.MailHandler.csproj", "{3AD9F4C8-8BFB-4BA2-BFF6-EB3FD4B8DD45}"
EndProject
Project("{9A19103F-16F7-4668-BE54-9A1E7A4F7556}") = "Web.Controllers", "Web.Controllers\Web.Controllers.csproj", "{7F30C74B-E2C6-4B15-BDA2-D77EC7BF2DB3}"
EndProject
Project("{9A19103F-16F7-4668-BE54-9A1E7A4F7556}") = "Mobile.Controllers", "Mobile.Controllers\Mobile.Controllers.csproj", "{80719951-47C5-4521-A254-26D0504EA171}"
EndProject
Project("{9A19103F-16F7-4668-BE54-9A1E7A4F7556}") = "Mobile.UseCases", "Mobile.UseCases\Mobile.UseCases.csproj", "{C204B421-26F1-4BAD-BFB4-DDAC0D21739F}"
EndProject
Global
	GlobalSection(SolutionConfigurationPlatforms) = preSolution
		Debug|Any CPU = Debug|Any CPU
		Release|Any CPU = Release|Any CPU
	EndGlobalSection
	GlobalSection(ProjectConfigurationPlatforms) = postSolution
		{AA086F77-6388-407D-B04D-2A92F958757D}.Debug|Any CPU.ActiveCfg = Debug|Any CPU
		{AA086F77-6388-407D-B04D-2A92F958757D}.Debug|Any CPU.Build.0 = Debug|Any CPU
		{AA086F77-6388-407D-B04D-2A92F958757D}.Release|Any CPU.ActiveCfg = Release|Any CPU
		{AA086F77-6388-407D-B04D-2A92F958757D}.Release|Any CPU.Build.0 = Release|Any CPU
		{34181D7E-9216-42B6-A321-ED683F1C38A4}.Debug|Any CPU.ActiveCfg = Debug|Any CPU
		{34181D7E-9216-42B6-A321-ED683F1C38A4}.Debug|Any CPU.Build.0 = Debug|Any CPU
		{34181D7E-9216-42B6-A321-ED683F1C38A4}.Release|Any CPU.ActiveCfg = Release|Any CPU
		{34181D7E-9216-42B6-A321-ED683F1C38A4}.Release|Any CPU.Build.0 = Release|Any CPU
		{61431772-BC29-43A0-A510-36A1A1108F01}.Debug|Any CPU.ActiveCfg = Debug|Any CPU
		{61431772-BC29-43A0-A510-36A1A1108F01}.Debug|Any CPU.Build.0 = Debug|Any CPU
		{61431772-BC29-43A0-A510-36A1A1108F01}.Release|Any CPU.ActiveCfg = Release|Any CPU
		{61431772-BC29-43A0-A510-36A1A1108F01}.Release|Any CPU.Build.0 = Release|Any CPU
		{939282D0-9C65-4455-8B8B-8F026F908F24}.Debug|Any CPU.ActiveCfg = Debug|Any CPU
		{939282D0-9C65-4455-8B8B-8F026F908F24}.Debug|Any CPU.Build.0 = Debug|Any CPU
		{939282D0-9C65-4455-8B8B-8F026F908F24}.Release|Any CPU.ActiveCfg = Release|Any CPU
		{939282D0-9C65-4455-8B8B-8F026F908F24}.Release|Any CPU.Build.0 = Release|Any CPU
		{E38F312D-F15E-486F-8A62-56955C29F678}.Debug|Any CPU.ActiveCfg = Debug|Any CPU
		{E38F312D-F15E-486F-8A62-56955C29F678}.Debug|Any CPU.Build.0 = Debug|Any CPU
		{E38F312D-F15E-486F-8A62-56955C29F678}.Release|Any CPU.ActiveCfg = Release|Any CPU
		{E38F312D-F15E-486F-8A62-56955C29F678}.Release|Any CPU.Build.0 = Release|Any CPU
		{8243C8CC-34F3-4A01-BE85-97821D7F6E6B}.Debug|Any CPU.ActiveCfg = Debug|Any CPU
		{8243C8CC-34F3-4A01-BE85-97821D7F6E6B}.Debug|Any CPU.Build.0 = Debug|Any CPU
		{8243C8CC-34F3-4A01-BE85-97821D7F6E6B}.Release|Any CPU.ActiveCfg = Release|Any CPU
		{8243C8CC-34F3-4A01-BE85-97821D7F6E6B}.Release|Any CPU.Build.0 = Release|Any CPU
		{949A708D-C902-4B03-94E3-DDD33792E90B}.Debug|Any CPU.ActiveCfg = Debug|Any CPU
		{949A708D-C902-4B03-94E3-DDD33792E90B}.Debug|Any CPU.Build.0 = Debug|Any CPU
		{949A708D-C902-4B03-94E3-DDD33792E90B}.Release|Any CPU.ActiveCfg = Release|Any CPU
		{949A708D-C902-4B03-94E3-DDD33792E90B}.Release|Any CPU.Build.0 = Release|Any CPU
		{92C84090-B79F-4FD0-A2E9-91301F72D5FB}.Debug|Any CPU.ActiveCfg = Debug|Any CPU
		{92C84090-B79F-4FD0-A2E9-91301F72D5FB}.Debug|Any CPU.Build.0 = Debug|Any CPU
		{92C84090-B79F-4FD0-A2E9-91301F72D5FB}.Release|Any CPU.ActiveCfg = Release|Any CPU
		{92C84090-B79F-4FD0-A2E9-91301F72D5FB}.Release|Any CPU.Build.0 = Release|Any CPU
		{7C59FA33-DBB0-4DEF-B3BF-27732A00D3E1}.Debug|Any CPU.ActiveCfg = Debug|Any CPU
		{7C59FA33-DBB0-4DEF-B3BF-27732A00D3E1}.Debug|Any CPU.Build.0 = Debug|Any CPU
		{7C59FA33-DBB0-4DEF-B3BF-27732A00D3E1}.Release|Any CPU.ActiveCfg = Release|Any CPU
		{7C59FA33-DBB0-4DEF-B3BF-27732A00D3E1}.Release|Any CPU.Build.0 = Release|Any CPU
		{0494F5B0-B02D-48B3-891C-39364DA0D072}.Debug|Any CPU.ActiveCfg = Debug|Any CPU
		{0494F5B0-B02D-48B3-891C-39364DA0D072}.Debug|Any CPU.Build.0 = Debug|Any CPU
		{0494F5B0-B02D-48B3-891C-39364DA0D072}.Release|Any CPU.ActiveCfg = Release|Any CPU
		{0494F5B0-B02D-48B3-891C-39364DA0D072}.Release|Any CPU.Build.0 = Release|Any CPU
		{BA81693A-7756-4BD9-BEA5-7AFBABD9F2A0}.Debug|Any CPU.ActiveCfg = Debug|Any CPU
		{BA81693A-7756-4BD9-BEA5-7AFBABD9F2A0}.Debug|Any CPU.Build.0 = Debug|Any CPU
		{BA81693A-7756-4BD9-BEA5-7AFBABD9F2A0}.Release|Any CPU.ActiveCfg = Release|Any CPU
		{BA81693A-7756-4BD9-BEA5-7AFBABD9F2A0}.Release|Any CPU.Build.0 = Release|Any CPU
		{FC614FDD-AABB-4CDB-A953-E6995C573417}.Debug|Any CPU.ActiveCfg = Debug|Any CPU
		{FC614FDD-AABB-4CDB-A953-E6995C573417}.Debug|Any CPU.Build.0 = Debug|Any CPU
		{FC614FDD-AABB-4CDB-A953-E6995C573417}.Release|Any CPU.ActiveCfg = Release|Any CPU
		{FC614FDD-AABB-4CDB-A953-E6995C573417}.Release|Any CPU.Build.0 = Release|Any CPU
		{6FD7524B-2D48-4855-8847-16150CC22A86}.Debug|Any CPU.ActiveCfg = Debug|Any CPU
		{6FD7524B-2D48-4855-8847-16150CC22A86}.Debug|Any CPU.Build.0 = Debug|Any CPU
		{6FD7524B-2D48-4855-8847-16150CC22A86}.Release|Any CPU.ActiveCfg = Release|Any CPU
		{6FD7524B-2D48-4855-8847-16150CC22A86}.Release|Any CPU.Build.0 = Release|Any CPU
		{EB99C79E-460F-4753-80EF-88BAD07E0225}.Debug|Any CPU.ActiveCfg = Debug|Any CPU
		{EB99C79E-460F-4753-80EF-88BAD07E0225}.Debug|Any CPU.Build.0 = Debug|Any CPU
		{EB99C79E-460F-4753-80EF-88BAD07E0225}.Release|Any CPU.ActiveCfg = Release|Any CPU
		{EB99C79E-460F-4753-80EF-88BAD07E0225}.Release|Any CPU.Build.0 = Release|Any CPU
		{3AD9F4C8-8BFB-4BA2-BFF6-EB3FD4B8DD45}.Debug|Any CPU.ActiveCfg = Debug|Any CPU
		{3AD9F4C8-8BFB-4BA2-BFF6-EB3FD4B8DD45}.Debug|Any CPU.Build.0 = Debug|Any CPU
		{3AD9F4C8-8BFB-4BA2-BFF6-EB3FD4B8DD45}.Release|Any CPU.ActiveCfg = Release|Any CPU
		{3AD9F4C8-8BFB-4BA2-BFF6-EB3FD4B8DD45}.Release|Any CPU.Build.0 = Release|Any CPU
		{7F30C74B-E2C6-4B15-BDA2-D77EC7BF2DB3}.Debug|Any CPU.ActiveCfg = Debug|Any CPU
		{7F30C74B-E2C6-4B15-BDA2-D77EC7BF2DB3}.Debug|Any CPU.Build.0 = Debug|Any CPU
		{7F30C74B-E2C6-4B15-BDA2-D77EC7BF2DB3}.Release|Any CPU.ActiveCfg = Release|Any CPU
		{7F30C74B-E2C6-4B15-BDA2-D77EC7BF2DB3}.Release|Any CPU.Build.0 = Release|Any CPU
		{80719951-47C5-4521-A254-26D0504EA171}.Debug|Any CPU.ActiveCfg = Debug|Any CPU
		{80719951-47C5-4521-A254-26D0504EA171}.Debug|Any CPU.Build.0 = Debug|Any CPU
		{80719951-47C5-4521-A254-26D0504EA171}.Release|Any CPU.ActiveCfg = Release|Any CPU
		{80719951-47C5-4521-A254-26D0504EA171}.Release|Any CPU.Build.0 = Release|Any CPU
		{C204B421-26F1-4BAD-BFB4-DDAC0D21739F}.Debug|Any CPU.ActiveCfg = Debug|Any CPU
		{C204B421-26F1-4BAD-BFB4-DDAC0D21739F}.Debug|Any CPU.Build.0 = Debug|Any CPU
		{C204B421-26F1-4BAD-BFB4-DDAC0D21739F}.Release|Any CPU.ActiveCfg = Release|Any CPU
		{C204B421-26F1-4BAD-BFB4-DDAC0D21739F}.Release|Any CPU.Build.0 = Release|Any CPU
	EndGlobalSection
	GlobalSection(SolutionProperties) = preSolution
		HideSolutionNode = FALSE
	EndGlobalSection
	GlobalSection(NestedProjects) = preSolution
		{34181D7E-9216-42B6-A321-ED683F1C38A4} = {3EC6BE34-9376-4E76-96CC-F94F010CD5AA}
		{61431772-BC29-43A0-A510-36A1A1108F01} = {3CCFED00-0E72-40E6-ABA8-52AD65CF7791}
		{939282D0-9C65-4455-8B8B-8F026F908F24} = {3CCFED00-0E72-40E6-ABA8-52AD65CF7791}
		{E38F312D-F15E-486F-8A62-56955C29F678} = {29283225-3098-4D04-A4A1-E64DDD9AD6C0}
		{8243C8CC-34F3-4A01-BE85-97821D7F6E6B} = {29283225-3098-4D04-A4A1-E64DDD9AD6C0}
		{949A708D-C902-4B03-94E3-DDD33792E90B} = {29283225-3098-4D04-A4A1-E64DDD9AD6C0}
		{92C84090-B79F-4FD0-A2E9-91301F72D5FB} = {2EBD0ADE-9AAC-4AAF-AF73-D6251DCA90DB}
		{7C59FA33-DBB0-4DEF-B3BF-27732A00D3E1} = {2EBD0ADE-9AAC-4AAF-AF73-D6251DCA90DB}
		{0494F5B0-B02D-48B3-891C-39364DA0D072} = {F3E90150-5EA9-4B60-AB84-CC5FB3B24E0B}
		{BA81693A-7756-4BD9-BEA5-7AFBABD9F2A0} = {29283225-3098-4D04-A4A1-E64DDD9AD6C0}
		{FC614FDD-AABB-4CDB-A953-E6995C573417} = {FA0B6190-6D5C-401A-93DA-FD25C32EAE75}
		{6FD7524B-2D48-4855-8847-16150CC22A86} = {3CCFED00-0E72-40E6-ABA8-52AD65CF7791}
		{EB99C79E-460F-4753-80EF-88BAD07E0225} = {FA0B6190-6D5C-401A-93DA-FD25C32EAE75}
		{3AD9F4C8-8BFB-4BA2-BFF6-EB3FD4B8DD45} = {FA0B6190-6D5C-401A-93DA-FD25C32EAE75}
		{7F30C74B-E2C6-4B15-BDA2-D77EC7BF2DB3} = {F3E90150-5EA9-4B60-AB84-CC5FB3B24E0B}
		{80719951-47C5-4521-A254-26D0504EA171} = {98E9071D-2FAE-40DA-9011-D4A5FC6E63FB}
		{C204B421-26F1-4BAD-BFB4-DDAC0D21739F} = {98E9071D-2FAE-40DA-9011-D4A5FC6E63FB}
	EndGlobalSection
	GlobalSection(ExtensibilityGlobals) = postSolution
		SolutionGuid = {50EFF866-D6DB-445F-BF87-59AB69F37CF7}
	EndGlobalSection
EndGlobal
