
Microsoft Visual Studio Solution File, Format Version 12.00
# Visual Studio Version 16
VisualStudioVersion = 16.0.30717.126
MinimumVisualStudioVersion = 10.0.40219.1
Project("{FAE04EC0-301F-11D3-BF4B-00C04F79EFBC}") = "Utils", "Utils\Utils.csproj", "{FF3E85D5-48EC-488D-95A1-4E7F06C7F35B}"
EndProject
Project("{FAE04EC0-301F-11D3-BF4B-00C04F79EFBC}") = "Infrastructure.Interfaces", "Infrastructure.Interfaces\Infrastructure.Interfaces.csproj", "{7B40425F-F503-4342-BF4F-1ECA5D6A19A2}"
EndProject
Project("{FAE04EC0-301F-11D3-BF4B-00C04F79EFBC}") = "UseCases", "UseCases\UseCases.csproj", "{C039FF8A-179B-4D10-B15B-B9BD4470B341}"
EndProject
Project("{FAE04EC0-301F-11D3-BF4B-00C04F79EFBC}") = "Entities", "Entities\Entities.csproj", "{ED446818-F53D-4E2F-8610-8004372CBB9F}"
EndProject
Project("{FAE04EC0-301F-11D3-BF4B-00C04F79EFBC}") = "DataAccess.MsSql", "DataAccess.MsSql\DataAccess.MsSql.csproj", "{2800AD64-DE04-474E-A571-23B8B1FD134D}"
EndProject
Project("{FAE04EC0-301F-11D3-BF4B-00C04F79EFBC}") = "WebApp", "WebApp\WebApp.csproj", "{4DBED77C-2794-473B-9ED4-73D05186CA1A}"
EndProject
Project("{2150E333-8FDC-42A3-9474-1A3956D46DE8}") = "0 Utils", "0 Utils", "{046E6F5E-AA88-4657-94B1-779575181AEE}"
EndProject
Project("{2150E333-8FDC-42A3-9474-1A3956D46DE8}") = "1 Entities", "1 Entities", "{A120CBAE-0671-4AAB-92AF-0EBE609BB6F3}"
EndProject
Project("{2150E333-8FDC-42A3-9474-1A3956D46DE8}") = "2 Infrastrusture.Interfaces", "2 Infrastrusture.Interfaces", "{782BE3F9-80D9-43B5-B3F3-8F2810BC0D17}"
EndProject
Project("{2150E333-8FDC-42A3-9474-1A3956D46DE8}") = "3 UseCases", "3 UseCases", "{52469B09-551C-472C-83C2-6BF2E05E0DE2}"
EndProject
Project("{2150E333-8FDC-42A3-9474-1A3956D46DE8}") = "5 Infrastructure.Implementation", "5 Infrastructure.Implementation", "{C5B61074-3D9B-4C1F-AED6-A1F81617274F}"
EndProject
Project("{2150E333-8FDC-42A3-9474-1A3956D46DE8}") = "4 Controllers", "4 Controllers", "{C463DB40-C763-40E9-A2C4-452BA9858EA3}"
EndProject
Global
	GlobalSection(SolutionConfigurationPlatforms) = preSolution
		Debug|Any CPU = Debug|Any CPU
		Release|Any CPU = Release|Any CPU
	EndGlobalSection
	GlobalSection(ProjectConfigurationPlatforms) = postSolution
		{FF3E85D5-48EC-488D-95A1-4E7F06C7F35B}.Debug|Any CPU.ActiveCfg = Debug|Any CPU
		{FF3E85D5-48EC-488D-95A1-4E7F06C7F35B}.Debug|Any CPU.Build.0 = Debug|Any CPU
		{FF3E85D5-48EC-488D-95A1-4E7F06C7F35B}.Release|Any CPU.ActiveCfg = Release|Any CPU
		{FF3E85D5-48EC-488D-95A1-4E7F06C7F35B}.Release|Any CPU.Build.0 = Release|Any CPU
		{7B40425F-F503-4342-BF4F-1ECA5D6A19A2}.Debug|Any CPU.ActiveCfg = Debug|Any CPU
		{7B40425F-F503-4342-BF4F-1ECA5D6A19A2}.Debug|Any CPU.Build.0 = Debug|Any CPU
		{7B40425F-F503-4342-BF4F-1ECA5D6A19A2}.Release|Any CPU.ActiveCfg = Release|Any CPU
		{7B40425F-F503-4342-BF4F-1ECA5D6A19A2}.Release|Any CPU.Build.0 = Release|Any CPU
		{C039FF8A-179B-4D10-B15B-B9BD4470B341}.Debug|Any CPU.ActiveCfg = Debug|Any CPU
		{C039FF8A-179B-4D10-B15B-B9BD4470B341}.Debug|Any CPU.Build.0 = Debug|Any CPU
		{C039FF8A-179B-4D10-B15B-B9BD4470B341}.Release|Any CPU.ActiveCfg = Release|Any CPU
		{C039FF8A-179B-4D10-B15B-B9BD4470B341}.Release|Any CPU.Build.0 = Release|Any CPU
		{ED446818-F53D-4E2F-8610-8004372CBB9F}.Debug|Any CPU.ActiveCfg = Debug|Any CPU
		{ED446818-F53D-4E2F-8610-8004372CBB9F}.Debug|Any CPU.Build.0 = Debug|Any CPU
		{ED446818-F53D-4E2F-8610-8004372CBB9F}.Release|Any CPU.ActiveCfg = Release|Any CPU
		{ED446818-F53D-4E2F-8610-8004372CBB9F}.Release|Any CPU.Build.0 = Release|Any CPU
		{2800AD64-DE04-474E-A571-23B8B1FD134D}.Debug|Any CPU.ActiveCfg = Debug|Any CPU
		{2800AD64-DE04-474E-A571-23B8B1FD134D}.Debug|Any CPU.Build.0 = Debug|Any CPU
		{2800AD64-DE04-474E-A571-23B8B1FD134D}.Release|Any CPU.ActiveCfg = Release|Any CPU
		{2800AD64-DE04-474E-A571-23B8B1FD134D}.Release|Any CPU.Build.0 = Release|Any CPU
		{4DBED77C-2794-473B-9ED4-73D05186CA1A}.Debug|Any CPU.ActiveCfg = Debug|Any CPU
		{4DBED77C-2794-473B-9ED4-73D05186CA1A}.Debug|Any CPU.Build.0 = Debug|Any CPU
		{4DBED77C-2794-473B-9ED4-73D05186CA1A}.Release|Any CPU.ActiveCfg = Release|Any CPU
		{4DBED77C-2794-473B-9ED4-73D05186CA1A}.Release|Any CPU.Build.0 = Release|Any CPU
	EndGlobalSection
	GlobalSection(SolutionProperties) = preSolution
		HideSolutionNode = FALSE
	EndGlobalSection
	GlobalSection(NestedProjects) = preSolution
		{FF3E85D5-48EC-488D-95A1-4E7F06C7F35B} = {046E6F5E-AA88-4657-94B1-779575181AEE}
		{7B40425F-F503-4342-BF4F-1ECA5D6A19A2} = {782BE3F9-80D9-43B5-B3F3-8F2810BC0D17}
		{C039FF8A-179B-4D10-B15B-B9BD4470B341} = {52469B09-551C-472C-83C2-6BF2E05E0DE2}
		{ED446818-F53D-4E2F-8610-8004372CBB9F} = {A120CBAE-0671-4AAB-92AF-0EBE609BB6F3}
		{2800AD64-DE04-474E-A571-23B8B1FD134D} = {C5B61074-3D9B-4C1F-AED6-A1F81617274F}
	EndGlobalSection
	GlobalSection(ExtensibilityGlobals) = postSolution
		SolutionGuid = {974844E9-C6BE-4417-8339-57F1B61C8E11}
	EndGlobalSection
EndGlobal
